
Microsoft Visual Studio Solution File, Format Version 12.00
# Visual Studio Version 17
VisualStudioVersion = 17.0.31903.59
MinimumVisualStudioVersion = 10.0.40219.1
Project("{9A19103F-16F7-4668-BE54-9A1E7A4F7556}") = "Dba.Days", "Dba.Days\Dba.Days.csproj", "{DA27A148-D4E3-402A-92C4-AB1E2E11DD10}"
EndProject
Project("{9A19103F-16F7-4668-BE54-9A1E7A4F7556}") = "Dba.Days.Tests", "Dba.Days.Tests\Dba.Days.Tests.csproj", "{C9B6EB02-ADBB-4684-B807-B25ABD0DEB00}"
EndProject
Project("{2150E333-8FDC-42A3-9474-1A3956D46DE8}") = "Solution Items", "Solution Items", "{73F50B14-3B72-4C19-BEC5-DD7DED3F73D5}"
	ProjectSection(SolutionItems) = preProject
		global.json = global.json
	EndProjectSection
EndProject
Global
	GlobalSection(SolutionConfigurationPlatforms) = preSolution
		Debug|Any CPU = Debug|Any CPU
		Release|Any CPU = Release|Any CPU
	EndGlobalSection
	GlobalSection(ProjectConfigurationPlatforms) = postSolution
		{DA27A148-D4E3-402A-92C4-AB1E2E11DD10}.Debug|Any CPU.ActiveCfg = Debug|Any CPU
		{DA27A148-D4E3-402A-92C4-AB1E2E11DD10}.Debug|Any CPU.Build.0 = Debug|Any CPU
		{DA27A148-D4E3-402A-92C4-AB1E2E11DD10}.Release|Any CPU.ActiveCfg = Release|Any CPU
		{DA27A148-D4E3-402A-92C4-AB1E2E11DD10}.Release|Any CPU.Build.0 = Release|Any CPU
		{C9B6EB02-ADBB-4684-B807-B25ABD0DEB00}.Debug|Any CPU.ActiveCfg = Debug|Any CPU
		{C9B6EB02-ADBB-4684-B807-B25ABD0DEB00}.Debug|Any CPU.Build.0 = Debug|Any CPU
		{C9B6EB02-ADBB-4684-B807-B25ABD0DEB00}.Release|Any CPU.ActiveCfg = Release|Any CPU
		{C9B6EB02-ADBB-4684-B807-B25ABD0DEB00}.Release|Any CPU.Build.0 = Release|Any CPU
	EndGlobalSection
	GlobalSection(SolutionProperties) = preSolution
		HideSolutionNode = FALSE
	EndGlobalSection
EndGlobal
